{
  "sha": "97843d4e7d9b03fb24605f3c89c7b5efc38d44e2",
  "sources": {
    "chef-server": {
      "locked_version": "2.0.0",
      "git": "git://github.com/opscode-cookbooks/chef-server.git",
      "ref": "2be4832608ad97777f49b29a0e3172f50f976b69"
    },
    "build-essential": {
      "locked_version": "1.4.2"
    },
    "omnibus_updater": {
      "locked_version": "0.2.4"
    }
  }
}
