{
  "sha": "25e33e02ddc0e473307aff1141d6cb6996908f3e",
  "sources": {
    "chef-client": {
      "locked_version": "3.1.0"
    },
    "chef-server": {
      "locked_version": "2.0.0",
      "git": "git://github.com/opscode-cookbooks/chef-server.git",
      "ref": "2be4832608ad97777f49b29a0e3172f50f976b69"
    },
    "build-essential": {
      "locked_version": "1.4.2"
    },
    "omnibus_updater": {
      "locked_version": "0.2.4"
    },
    "apt": {
      "locked_version": "2.3.0"
    },
    "vim": {
      "locked_version": "1.0.2"
    },
    "logrotate": {
      "locked_version": "1.4.0"
    },
    "cron": {
      "locked_version": "1.2.8",
      "constraint": ">= 1.2.0"
    }
  }
}
